
Microsoft Visual Studio Solution File, Format Version 12.00
# Visual Studio Version 16
VisualStudioVersion = 16.0.31911.196
MinimumVisualStudioVersion = 10.0.40219.1
Project("{9A19103F-16F7-4668-BE54-9A1E7A4F7556}") = "Logic", "Logic\Logic.csproj", "{85A12D7A-19A9-482D-8034-635DA2A7D626}"
EndProject
Project("{9A19103F-16F7-4668-BE54-9A1E7A4F7556}") = "Api", "Api\Api.csproj", "{808C1C0B-D089-4E6D-A2D2-488798C3C631}"
EndProject
Project("{FAE04EC0-301F-11D3-BF4B-00C04F79EFBC}") = "AdminPanel", "AdminPanel\AdminPanel.csproj", "{E74A9D75-1C9E-45B0-86CC-294889FA43A6}"
EndProject
Project("{FAE04EC0-301F-11D3-BF4B-00C04F79EFBC}") = "UnitTests", "UnitTests\UnitTests.csproj", "{04B8682C-61B5-4FB6-8691-4183EFB1EB47}"
EndProject
Global
	GlobalSection(SolutionConfigurationPlatforms) = preSolution
		Debug|Any CPU = Debug|Any CPU
		Release|Any CPU = Release|Any CPU
	EndGlobalSection
	GlobalSection(ProjectConfigurationPlatforms) = postSolution
		{85A12D7A-19A9-482D-8034-635DA2A7D626}.Debug|Any CPU.ActiveCfg = Debug|Any CPU
		{85A12D7A-19A9-482D-8034-635DA2A7D626}.Debug|Any CPU.Build.0 = Debug|Any CPU
		{85A12D7A-19A9-482D-8034-635DA2A7D626}.Release|Any CPU.ActiveCfg = Release|Any CPU
		{85A12D7A-19A9-482D-8034-635DA2A7D626}.Release|Any CPU.Build.0 = Release|Any CPU
		{808C1C0B-D089-4E6D-A2D2-488798C3C631}.Debug|Any CPU.ActiveCfg = Debug|Any CPU
		{808C1C0B-D089-4E6D-A2D2-488798C3C631}.Debug|Any CPU.Build.0 = Debug|Any CPU
		{808C1C0B-D089-4E6D-A2D2-488798C3C631}.Release|Any CPU.ActiveCfg = Release|Any CPU
		{808C1C0B-D089-4E6D-A2D2-488798C3C631}.Release|Any CPU.Build.0 = Release|Any CPU
		{E74A9D75-1C9E-45B0-86CC-294889FA43A6}.Debug|Any CPU.ActiveCfg = Debug|Any CPU
		{E74A9D75-1C9E-45B0-86CC-294889FA43A6}.Debug|Any CPU.Build.0 = Debug|Any CPU
		{E74A9D75-1C9E-45B0-86CC-294889FA43A6}.Release|Any CPU.ActiveCfg = Release|Any CPU
		{E74A9D75-1C9E-45B0-86CC-294889FA43A6}.Release|Any CPU.Build.0 = Release|Any CPU
		{04B8682C-61B5-4FB6-8691-4183EFB1EB47}.Debug|Any CPU.ActiveCfg = Debug|Any CPU
		{04B8682C-61B5-4FB6-8691-4183EFB1EB47}.Debug|Any CPU.Build.0 = Debug|Any CPU
		{04B8682C-61B5-4FB6-8691-4183EFB1EB47}.Release|Any CPU.ActiveCfg = Release|Any CPU
		{04B8682C-61B5-4FB6-8691-4183EFB1EB47}.Release|Any CPU.Build.0 = Release|Any CPU
	EndGlobalSection
	GlobalSection(SolutionProperties) = preSolution
		HideSolutionNode = FALSE
	EndGlobalSection
	GlobalSection(ExtensibilityGlobals) = postSolution
		SolutionGuid = {B4DA5FDD-E995-4BC8-960E-9EB7EBD2FA04}
	EndGlobalSection
EndGlobal
